
Microsoft Visual Studio Solution File, Format Version 12.00
# Visual Studio 15
VisualStudioVersion = 15.0.27703.2026
MinimumVisualStudioVersion = 10.0.40219.1
Project("{FAE04EC0-301F-11D3-BF4B-00C04F79EFBC}") = "RegexBuilder.UI", "RegexBuilder.UI\RegexBuilder.UI.csproj", "{346FD490-7F5A-44B7-8307-1D8F3962659F}"
EndProject
Project("{FAE04EC0-301F-11D3-BF4B-00C04F79EFBC}") = "RegexBuilder.Engine", "RegexBuilder.Engine\RegexBuilder.Engine.csproj", "{5C37A2EE-124F-4D9F-BEDD-1B1E0B3C505E}"
EndProject
Project("{FAE04EC0-301F-11D3-BF4B-00C04F79EFBC}") = "RegexBuilder", "RegexBuilder\RegexBuilder.csproj", "{DE37C193-17AB-4A8F-ACB6-95EC440FE3CD}"
EndProject
Project("{2150E333-8FDC-42A3-9474-1A3956D46DE8}") = "Build", "Build", "{0DB9A152-D495-4B25-B4CE-0F35F449119B}"
	ProjectSection(SolutionItems) = preProject
		azure-pipelines.yml = azure-pipelines.yml
	EndProjectSection
EndProject
Global
	GlobalSection(SolutionConfigurationPlatforms) = preSolution
		Debug|Any CPU = Debug|Any CPU
		Release|Any CPU = Release|Any CPU
	EndGlobalSection
	GlobalSection(ProjectConfigurationPlatforms) = postSolution
		{346FD490-7F5A-44B7-8307-1D8F3962659F}.Debug|Any CPU.ActiveCfg = Debug|Any CPU
		{346FD490-7F5A-44B7-8307-1D8F3962659F}.Debug|Any CPU.Build.0 = Debug|Any CPU
		{346FD490-7F5A-44B7-8307-1D8F3962659F}.Release|Any CPU.ActiveCfg = Release|Any CPU
		{346FD490-7F5A-44B7-8307-1D8F3962659F}.Release|Any CPU.Build.0 = Release|Any CPU
		{5C37A2EE-124F-4D9F-BEDD-1B1E0B3C505E}.Debug|Any CPU.ActiveCfg = Debug|Any CPU
		{5C37A2EE-124F-4D9F-BEDD-1B1E0B3C505E}.Debug|Any CPU.Build.0 = Debug|Any CPU
		{5C37A2EE-124F-4D9F-BEDD-1B1E0B3C505E}.Release|Any CPU.ActiveCfg = Release|Any CPU
		{5C37A2EE-124F-4D9F-BEDD-1B1E0B3C505E}.Release|Any CPU.Build.0 = Release|Any CPU
		{DE37C193-17AB-4A8F-ACB6-95EC440FE3CD}.Debug|Any CPU.ActiveCfg = Debug|Any CPU
		{DE37C193-17AB-4A8F-ACB6-95EC440FE3CD}.Debug|Any CPU.Build.0 = Debug|Any CPU
		{DE37C193-17AB-4A8F-ACB6-95EC440FE3CD}.Release|Any CPU.ActiveCfg = Release|Any CPU
		{DE37C193-17AB-4A8F-ACB6-95EC440FE3CD}.Release|Any CPU.Build.0 = Release|Any CPU
	EndGlobalSection
	GlobalSection(SolutionProperties) = preSolution
		HideSolutionNode = FALSE
	EndGlobalSection
	GlobalSection(ExtensibilityGlobals) = postSolution
		SolutionGuid = {E1F7D8F4-9990-413C-8AE4-9C3339DDD879}
	EndGlobalSection
EndGlobal
